
Microsoft Visual Studio Solution File, Format Version 12.00
Project("{FAE04EC0-301F-11D3-BF4B-00C04F79EFBC}") = "Game", "Game\Game.csproj", "{BC462E7A-14CA-4226-B75B-FC20407B3797}"
EndProject
Global
	GlobalSection(SolutionConfigurationPlatforms) = preSolution
		Debug|Any CPU = Debug|Any CPU
		Release|Any CPU = Release|Any CPU
	EndGlobalSection
	GlobalSection(ProjectConfigurationPlatforms) = postSolution
		{BC462E7A-14CA-4226-B75B-FC20407B3797}.Debug|Any CPU.ActiveCfg = Debug|Any CPU
		{BC462E7A-14CA-4226-B75B-FC20407B3797}.Debug|Any CPU.Build.0 = Debug|Any CPU
		{BC462E7A-14CA-4226-B75B-FC20407B3797}.Release|Any CPU.ActiveCfg = Release|Any CPU
		{BC462E7A-14CA-4226-B75B-FC20407B3797}.Release|Any CPU.Build.0 = Release|Any CPU
	EndGlobalSection
EndGlobal
